
Microsoft Visual Studio Solution File, Format Version 12.00
# Visual Studio Version 16
VisualStudioVersion = 16.0.30204.135
MinimumVisualStudioVersion = 10.0.40219.1
Project("{FAE04EC0-301F-11D3-BF4B-00C04F79EFBC}") = "ReadPalame", "ReadPalame\ReadPalame.csproj", "{00DD93D3-B784-477F-8DAF-533172EA1333}"
EndProject
Global
	GlobalSection(SolutionConfigurationPlatforms) = preSolution
		Debug|Any CPU = Debug|Any CPU
		Release|Any CPU = Release|Any CPU
	EndGlobalSection
	GlobalSection(ProjectConfigurationPlatforms) = postSolution
		{00DD93D3-B784-477F-8DAF-533172EA1333}.Debug|Any CPU.ActiveCfg = Debug|Any CPU
		{00DD93D3-B784-477F-8DAF-533172EA1333}.Debug|Any CPU.Build.0 = Debug|Any CPU
		{00DD93D3-B784-477F-8DAF-533172EA1333}.Release|Any CPU.ActiveCfg = Release|Any CPU
		{00DD93D3-B784-477F-8DAF-533172EA1333}.Release|Any CPU.Build.0 = Release|Any CPU
	EndGlobalSection
	GlobalSection(SolutionProperties) = preSolution
		HideSolutionNode = FALSE
	EndGlobalSection
	GlobalSection(ExtensibilityGlobals) = postSolution
		SolutionGuid = {88D28CF1-3DE1-4B75-AD9B-F0582E0E5BB5}
	EndGlobalSection
EndGlobal
